
Microsoft Visual Studio Solution File, Format Version 12.00
# Visual Studio 2012
Project("{FAE04EC0-301F-11D3-BF4B-00C04F79EFBC}") = "Mequanta.Startup", "Mequanta.Startup\Mequanta.Startup.csproj", "{6F05E8A8-6783-4B99-A608-48B2D3CDE9A3}"
EndProject
Project("{FAE04EC0-301F-11D3-BF4B-00C04F79EFBC}") = "Mequanta.SmartQuant", "Mequanta.SmartQuant\Mequanta.SmartQuant.csproj", "{5CAB5624-3761-4177-991F-DDF3D8FE0C89}"
EndProject
Project("{FAE04EC0-301F-11D3-BF4B-00C04F79EFBC}") = "Compatibility.Gtk", "..\SQCharts\Compatibility.Gtk\Compatibility.Gtk.csproj", "{83CE5610-A15C-488C-8D9F-909C2340107E}"
EndProject
Project("{FAE04EC0-301F-11D3-BF4B-00C04F79EFBC}") = "SmartQuant.Charting.Gtk", "..\SQCharts\SmartQuant.Charting.Gtk\SmartQuant.Charting.Gtk.csproj", "{CB9A2ED5-FDF9-40F4-8C68-3BD763BE90C1}"
EndProject
Project("{FAE04EC0-301F-11D3-BF4B-00C04F79EFBC}") = "SmartQuant.ChartViewers.Gtk", "..\SQCharts\SmartQuant.ChartViewers.Gtk\SmartQuant.ChartViewers.Gtk.csproj", "{470E0CC8-20D6-496E-A84F-3E8A5F454F1C}"
EndProject
Project("{FAE04EC0-301F-11D3-BF4B-00C04F79EFBC}") = "SmartQuant.FinChart.Gtk", "..\SQCharts\SmartQuant.FinChart.Gtk\SmartQuant.FinChart.Gtk.csproj", "{B650BE79-F2BA-4905-AE3A-1D35D125B7CE}"
EndProject
Project("{FAE04EC0-301F-11D3-BF4B-00C04F79EFBC}") = "SmartQuant.Controls.Gtk", "..\SQCharts\SmartQuant.Controls.Gtk\SmartQuant.Controls.Gtk.csproj", "{26692FBA-DC22-41DA-838A-7DF6D1420637}"
EndProject
Project("{2150E333-8FDC-42A3-9474-1A3956D46DE8}") = "Tests", "Tests", "{B5394605-E8BF-4001-B70E-D715EFB17FE7}"
EndProject
Project("{FAE04EC0-301F-11D3-BF4B-00C04F79EFBC}") = "TestSolutionRunner", "Tests\TestSolutionRunner\TestSolutionRunner.csproj", "{62B40836-4228-49B0-8CDE-A46B196C4617}"
EndProject
Project("{FAE04EC0-301F-11D3-BF4B-00C04F79EFBC}") = "TestDataSeriesTreeView", "Tests\TestDataSeriesTreeView\TestDataSeriesTreeView.csproj", "{9FCAA43F-193B-445E-9967-F3C0F3102DAD}"
EndProject
Project("{FAE04EC0-301F-11D3-BF4B-00C04F79EFBC}") = "TestCombo", "Tests\TestCombo\TestCombo.csproj", "{F1537926-1E2A-4C1A-B55D-1FD541F85F7B}"
EndProject
Project("{FAE04EC0-301F-11D3-BF4B-00C04F79EFBC}") = "QuoteMonitorDemo", "Tests\QuoteMonitorDemo\QuoteMonitorDemo.csproj", "{00B21F09-0B36-4D1E-9F5C-A290A5DE0EB7}"
EndProject
Project("{FAE04EC0-301F-11D3-BF4B-00C04F79EFBC}") = "StrategyMonitorDemo", "Tests\StrategyMonitorDemo\StrategyMonitorDemo.csproj", "{936FB1E2-5204-4CA1-B524-6070C49502BD}"
EndProject
Project("{FAE04EC0-301F-11D3-BF4B-00C04F79EFBC}") = "DataManagerDemo", "Tests\DataManagerDemo\DataManagerDemo.csproj", "{94967241-74DC-4DB9-BD8D-5E9B314B8881}"
EndProject
Project("{FAE04EC0-301F-11D3-BF4B-00C04F79EFBC}") = "ImportWizardDemo", "Tests\ImportWizardDemo\ImportWizardDemo.csproj", "{CC41FDBB-7892-4247-BF8E-EBDBE4FDBCD8}"
EndProject
Project("{FAE04EC0-301F-11D3-BF4B-00C04F79EFBC}") = "Mequanta.Components.Ide", "Mequanta.Components.Ide\Mequanta.Components.Ide.csproj", "{B365C1AF-DAD8-4914-919E-5D81FA2BB49D}"
EndProject
Global
	GlobalSection(SolutionConfigurationPlatforms) = preSolution
		Debug|x86 = Debug|x86
		Release|x86 = Release|x86
	EndGlobalSection
	GlobalSection(ProjectConfigurationPlatforms) = postSolution
		{00B21F09-0B36-4D1E-9F5C-A290A5DE0EB7}.Debug|x86.ActiveCfg = Debug|x86
		{00B21F09-0B36-4D1E-9F5C-A290A5DE0EB7}.Debug|x86.Build.0 = Debug|x86
		{00B21F09-0B36-4D1E-9F5C-A290A5DE0EB7}.Release|x86.ActiveCfg = Release|x86
		{00B21F09-0B36-4D1E-9F5C-A290A5DE0EB7}.Release|x86.Build.0 = Release|x86
		{26692FBA-DC22-41DA-838A-7DF6D1420637}.Debug|x86.ActiveCfg = Debug|Any CPU
		{26692FBA-DC22-41DA-838A-7DF6D1420637}.Debug|x86.Build.0 = Debug|Any CPU
		{26692FBA-DC22-41DA-838A-7DF6D1420637}.Release|x86.ActiveCfg = Release|Any CPU
		{26692FBA-DC22-41DA-838A-7DF6D1420637}.Release|x86.Build.0 = Release|Any CPU
		{470E0CC8-20D6-496E-A84F-3E8A5F454F1C}.Debug|x86.ActiveCfg = Debug|Any CPU
		{470E0CC8-20D6-496E-A84F-3E8A5F454F1C}.Debug|x86.Build.0 = Debug|Any CPU
		{470E0CC8-20D6-496E-A84F-3E8A5F454F1C}.Release|x86.ActiveCfg = Release|Any CPU
		{470E0CC8-20D6-496E-A84F-3E8A5F454F1C}.Release|x86.Build.0 = Release|Any CPU
		{5CAB5624-3761-4177-991F-DDF3D8FE0C89}.Debug|x86.ActiveCfg = Debug|Any CPU
		{5CAB5624-3761-4177-991F-DDF3D8FE0C89}.Debug|x86.Build.0 = Debug|Any CPU
		{5CAB5624-3761-4177-991F-DDF3D8FE0C89}.Release|x86.ActiveCfg = Release|Any CPU
		{5CAB5624-3761-4177-991F-DDF3D8FE0C89}.Release|x86.Build.0 = Release|Any CPU
		{62B40836-4228-49B0-8CDE-A46B196C4617}.Debug|x86.ActiveCfg = Debug|x86
		{62B40836-4228-49B0-8CDE-A46B196C4617}.Debug|x86.Build.0 = Debug|x86
		{62B40836-4228-49B0-8CDE-A46B196C4617}.Release|x86.ActiveCfg = Release|x86
		{62B40836-4228-49B0-8CDE-A46B196C4617}.Release|x86.Build.0 = Release|x86
		{6F05E8A8-6783-4B99-A608-48B2D3CDE9A3}.Debug|x86.ActiveCfg = Debug|x86
		{6F05E8A8-6783-4B99-A608-48B2D3CDE9A3}.Debug|x86.Build.0 = Debug|x86
		{6F05E8A8-6783-4B99-A608-48B2D3CDE9A3}.Release|x86.ActiveCfg = Release|x86
		{6F05E8A8-6783-4B99-A608-48B2D3CDE9A3}.Release|x86.Build.0 = Release|x86
		{83CE5610-A15C-488C-8D9F-909C2340107E}.Debug|x86.ActiveCfg = Debug|Any CPU
		{83CE5610-A15C-488C-8D9F-909C2340107E}.Debug|x86.Build.0 = Debug|Any CPU
		{83CE5610-A15C-488C-8D9F-909C2340107E}.Release|x86.ActiveCfg = Release|Any CPU
		{83CE5610-A15C-488C-8D9F-909C2340107E}.Release|x86.Build.0 = Release|Any CPU
		{936FB1E2-5204-4CA1-B524-6070C49502BD}.Debug|x86.ActiveCfg = Debug|x86
		{936FB1E2-5204-4CA1-B524-6070C49502BD}.Debug|x86.Build.0 = Debug|x86
		{936FB1E2-5204-4CA1-B524-6070C49502BD}.Release|x86.ActiveCfg = Release|x86
		{936FB1E2-5204-4CA1-B524-6070C49502BD}.Release|x86.Build.0 = Release|x86
		{94967241-74DC-4DB9-BD8D-5E9B314B8881}.Debug|x86.ActiveCfg = Debug|x86
		{94967241-74DC-4DB9-BD8D-5E9B314B8881}.Debug|x86.Build.0 = Debug|x86
		{94967241-74DC-4DB9-BD8D-5E9B314B8881}.Release|x86.ActiveCfg = Release|x86
		{94967241-74DC-4DB9-BD8D-5E9B314B8881}.Release|x86.Build.0 = Release|x86
		{9FCAA43F-193B-445E-9967-F3C0F3102DAD}.Debug|x86.ActiveCfg = Debug|x86
		{9FCAA43F-193B-445E-9967-F3C0F3102DAD}.Debug|x86.Build.0 = Debug|x86
		{9FCAA43F-193B-445E-9967-F3C0F3102DAD}.Release|x86.ActiveCfg = Release|x86
		{9FCAA43F-193B-445E-9967-F3C0F3102DAD}.Release|x86.Build.0 = Release|x86
		{B365C1AF-DAD8-4914-919E-5D81FA2BB49D}.Debug|x86.ActiveCfg = Debug|x86
		{B365C1AF-DAD8-4914-919E-5D81FA2BB49D}.Debug|x86.Build.0 = Debug|x86
		{B365C1AF-DAD8-4914-919E-5D81FA2BB49D}.Release|x86.ActiveCfg = Release|x86
		{B365C1AF-DAD8-4914-919E-5D81FA2BB49D}.Release|x86.Build.0 = Release|x86
		{B650BE79-F2BA-4905-AE3A-1D35D125B7CE}.Debug|x86.ActiveCfg = Debug|Any CPU
		{B650BE79-F2BA-4905-AE3A-1D35D125B7CE}.Debug|x86.Build.0 = Debug|Any CPU
		{B650BE79-F2BA-4905-AE3A-1D35D125B7CE}.Release|x86.ActiveCfg = Release|Any CPU
		{B650BE79-F2BA-4905-AE3A-1D35D125B7CE}.Release|x86.Build.0 = Release|Any CPU
		{CB9A2ED5-FDF9-40F4-8C68-3BD763BE90C1}.Debug|x86.ActiveCfg = Debug|Any CPU
		{CB9A2ED5-FDF9-40F4-8C68-3BD763BE90C1}.Debug|x86.Build.0 = Debug|Any CPU
		{CB9A2ED5-FDF9-40F4-8C68-3BD763BE90C1}.Release|x86.ActiveCfg = Release|Any CPU
		{CB9A2ED5-FDF9-40F4-8C68-3BD763BE90C1}.Release|x86.Build.0 = Release|Any CPU
		{CC41FDBB-7892-4247-BF8E-EBDBE4FDBCD8}.Debug|x86.ActiveCfg = Debug|x86
		{CC41FDBB-7892-4247-BF8E-EBDBE4FDBCD8}.Debug|x86.Build.0 = Debug|x86
		{CC41FDBB-7892-4247-BF8E-EBDBE4FDBCD8}.Release|x86.ActiveCfg = Release|x86
		{CC41FDBB-7892-4247-BF8E-EBDBE4FDBCD8}.Release|x86.Build.0 = Release|x86
		{F1537926-1E2A-4C1A-B55D-1FD541F85F7B}.Debug|x86.ActiveCfg = Debug|x86
		{F1537926-1E2A-4C1A-B55D-1FD541F85F7B}.Debug|x86.Build.0 = Debug|x86
		{F1537926-1E2A-4C1A-B55D-1FD541F85F7B}.Release|x86.ActiveCfg = Release|x86
		{F1537926-1E2A-4C1A-B55D-1FD541F85F7B}.Release|x86.Build.0 = Release|x86
	EndGlobalSection
	GlobalSection(NestedProjects) = preSolution
		{62B40836-4228-49B0-8CDE-A46B196C4617} = {B5394605-E8BF-4001-B70E-D715EFB17FE7}
		{9FCAA43F-193B-445E-9967-F3C0F3102DAD} = {B5394605-E8BF-4001-B70E-D715EFB17FE7}
		{F1537926-1E2A-4C1A-B55D-1FD541F85F7B} = {B5394605-E8BF-4001-B70E-D715EFB17FE7}
		{00B21F09-0B36-4D1E-9F5C-A290A5DE0EB7} = {B5394605-E8BF-4001-B70E-D715EFB17FE7}
		{936FB1E2-5204-4CA1-B524-6070C49502BD} = {B5394605-E8BF-4001-B70E-D715EFB17FE7}
		{94967241-74DC-4DB9-BD8D-5E9B314B8881} = {B5394605-E8BF-4001-B70E-D715EFB17FE7}
		{CC41FDBB-7892-4247-BF8E-EBDBE4FDBCD8} = {B5394605-E8BF-4001-B70E-D715EFB17FE7}
	EndGlobalSection
	GlobalSection(MonoDevelopProperties) = preSolution
		StartupItem = Mequanta.Startup\Mequanta.Startup.csproj
		Policies = $0
		$0.DotNetNamingPolicy = $1
		$1.DirectoryNamespaceAssociation = None
		$1.ResourceNamePolicy = FileFormatDefault
		$0.TextStylePolicy = $2
		$2.inheritsSet = VisualStudio
		$2.inheritsScope = text/plain
		$2.scope = text/x-csharp
		$0.CSharpFormattingPolicy = $3
		$3.IndentSwitchBody = True
		$3.AnonymousMethodBraceStyle = NextLine
		$3.PropertyBraceStyle = NextLine
		$3.PropertyGetBraceStyle = NextLine
		$3.PropertySetBraceStyle = NextLine
		$3.EventBraceStyle = NextLine
		$3.EventAddBraceStyle = NextLine
		$3.EventRemoveBraceStyle = NextLine
		$3.StatementBraceStyle = NextLine
		$3.ElseNewLinePlacement = NewLine
		$3.CatchNewLinePlacement = NewLine
		$3.FinallyNewLinePlacement = NewLine
		$3.WhileNewLinePlacement = DoNotCare
		$3.ArrayInitializerWrapping = DoNotChange
		$3.ArrayInitializerBraceStyle = NextLine
		$3.BeforeMethodDeclarationParentheses = False
		$3.BeforeMethodCallParentheses = False
		$3.BeforeConstructorDeclarationParentheses = False
		$3.NewLineBeforeConstructorInitializerColon = NewLine
		$3.NewLineAfterConstructorInitializerColon = SameLine
		$3.BeforeDelegateDeclarationParentheses = False
		$3.NewParentheses = False
		$3.SpacesBeforeBrackets = False
		$3.inheritsSet = Mono
		$3.inheritsScope = text/x-csharp
		$3.scope = text/x-csharp
		$0.TextStylePolicy = $4
		$4.inheritsSet = Mono
		$4.inheritsScope = text/plain
		$4.scope = text/plain
		$0.TextStylePolicy = $5
		$5.inheritsSet = VisualStudio
		$5.inheritsScope = text/plain
		$5.scope = application/xml
		$0.XmlFormattingPolicy = $6
		$6.inheritsSet = Mono
		$6.inheritsScope = application/xml
		$6.scope = application/xml
		$0.NameConventionPolicy = $7
		$7.Rules = $8
		$8.NamingRule = $9
		$9.Name = Namespaces
		$9.AffectedEntity = Namespace
		$9.VisibilityMask = VisibilityMask
		$9.NamingStyle = PascalCase
		$9.IncludeInstanceMembers = True
		$9.IncludeStaticEntities = True
		$8.NamingRule = $10
		$10.Name = Types
		$10.AffectedEntity = Class, Struct, Enum, Delegate
		$10.VisibilityMask = Public
		$10.NamingStyle = PascalCase
		$10.IncludeInstanceMembers = True
		$10.IncludeStaticEntities = True
		$8.NamingRule = $11
		$11.Name = Interfaces
		$11.RequiredPrefixes = $12
		$12.String = I
		$11.AffectedEntity = Interface
		$11.VisibilityMask = Public
		$11.NamingStyle = PascalCase
		$11.IncludeInstanceMembers = True
		$11.IncludeStaticEntities = True
		$8.NamingRule = $13
		$13.Name = Attributes
		$13.RequiredSuffixes = $14
		$14.String = Attribute
		$13.AffectedEntity = CustomAttributes
		$13.VisibilityMask = Public
		$13.NamingStyle = PascalCase
		$13.IncludeInstanceMembers = True
		$13.IncludeStaticEntities = True
		$8.NamingRule = $15
		$15.Name = Event Arguments
		$15.RequiredSuffixes = $16
		$16.String = EventArgs
		$15.AffectedEntity = CustomEventArgs
		$15.VisibilityMask = Public
		$15.NamingStyle = PascalCase
		$15.IncludeInstanceMembers = True
		$15.IncludeStaticEntities = True
		$8.NamingRule = $17
		$17.Name = Exceptions
		$17.RequiredSuffixes = $18
		$18.String = Exception
		$17.AffectedEntity = CustomExceptions
		$17.VisibilityMask = VisibilityMask
		$17.NamingStyle = PascalCase
		$17.IncludeInstanceMembers = True
		$17.IncludeStaticEntities = True
		$8.NamingRule = $19
		$19.Name = Methods
		$19.AffectedEntity = Methods
		$19.VisibilityMask = Protected, Public
		$19.NamingStyle = PascalCase
		$19.IncludeInstanceMembers = True
		$19.IncludeStaticEntities = True
		$8.NamingRule = $20
		$20.Name = Static Readonly Fields
		$20.AffectedEntity = ReadonlyField
		$20.VisibilityMask = Protected, Public
		$20.NamingStyle = PascalCase
		$20.IncludeInstanceMembers = False
		$20.IncludeStaticEntities = True
		$8.NamingRule = $21
		$21.Name = Fields
		$21.AffectedEntity = Field
		$21.VisibilityMask = Protected, Public
		$21.NamingStyle = PascalCase
		$21.IncludeInstanceMembers = True
		$21.IncludeStaticEntities = True
		$8.NamingRule = $22
		$22.Name = ReadOnly Fields
		$22.AffectedEntity = ReadonlyField
		$22.VisibilityMask = Protected, Public
		$22.NamingStyle = PascalCase
		$22.IncludeInstanceMembers = True
		$22.IncludeStaticEntities = False
		$8.NamingRule = $23
		$23.Name = Constant Fields
		$23.AffectedEntity = ConstantField
		$23.VisibilityMask = Protected, Public
		$23.NamingStyle = PascalCase
		$23.IncludeInstanceMembers = True
		$23.IncludeStaticEntities = True
		$8.NamingRule = $24
		$24.Name = Properties
		$24.AffectedEntity = Property
		$24.VisibilityMask = Protected, Public
		$24.NamingStyle = PascalCase
		$24.IncludeInstanceMembers = True
		$24.IncludeStaticEntities = True
		$8.NamingRule = $25
		$25.Name = Events
		$25.AffectedEntity = Event
		$25.VisibilityMask = Protected, Public
		$25.NamingStyle = PascalCase
		$25.IncludeInstanceMembers = True
		$25.IncludeStaticEntities = True
		$8.NamingRule = $26
		$26.Name = Enum Members
		$26.AffectedEntity = EnumMember
		$26.VisibilityMask = VisibilityMask
		$26.NamingStyle = PascalCase
		$26.IncludeInstanceMembers = True
		$26.IncludeStaticEntities = True
		$8.NamingRule = $27
		$27.Name = Parameters
		$27.AffectedEntity = Parameter
		$27.VisibilityMask = VisibilityMask
		$27.NamingStyle = CamelCase
		$27.IncludeInstanceMembers = True
		$27.IncludeStaticEntities = True
		$8.NamingRule = $28
		$28.Name = Type Parameters
		$28.RequiredPrefixes = $29
		$29.String = T
		$28.AffectedEntity = TypeParameter
		$28.VisibilityMask = VisibilityMask
		$28.NamingStyle = PascalCase
		$28.IncludeInstanceMembers = True
		$28.IncludeStaticEntities = True
	EndGlobalSection
EndGlobal
