
Microsoft Visual Studio Solution File, Format Version 12.00
# Visual Studio 2012
Project("{FAE04EC0-301F-11D3-BF4B-00C04F79EFBC}") = "Mequanta.Startup", "Mequanta.Startup\Mequanta.Startup.csproj", "{6F05E8A8-6783-4B99-A608-48B2D3CDE9A3}"
EndProject
Project("{FAE04EC0-301F-11D3-BF4B-00C04F79EFBC}") = "MequantaStudio.SmartQuant", "MequantaStudio.SmartQuant\MequantaStudio.SmartQuant.csproj", "{66697222-3B0D-49D4-984B-68E3D420104D}"
EndProject
Global
	GlobalSection(SolutionConfigurationPlatforms) = preSolution
		Debug|x86 = Debug|x86
		Release|x86 = Release|x86
	EndGlobalSection
	GlobalSection(ProjectConfigurationPlatforms) = postSolution
		{66697222-3B0D-49D4-984B-68E3D420104D}.Debug|x86.ActiveCfg = Debug|Any CPU
		{66697222-3B0D-49D4-984B-68E3D420104D}.Debug|x86.Build.0 = Debug|Any CPU
		{66697222-3B0D-49D4-984B-68E3D420104D}.Release|x86.ActiveCfg = Release|Any CPU
		{66697222-3B0D-49D4-984B-68E3D420104D}.Release|x86.Build.0 = Release|Any CPU
		{6F05E8A8-6783-4B99-A608-48B2D3CDE9A3}.Debug|x86.ActiveCfg = Debug|x86
		{6F05E8A8-6783-4B99-A608-48B2D3CDE9A3}.Debug|x86.Build.0 = Debug|x86
		{6F05E8A8-6783-4B99-A608-48B2D3CDE9A3}.Release|x86.ActiveCfg = Release|x86
		{6F05E8A8-6783-4B99-A608-48B2D3CDE9A3}.Release|x86.Build.0 = Release|x86
	EndGlobalSection
	GlobalSection(MonoDevelopProperties) = preSolution
		StartupItem = Mequanta.Startup\Mequanta.Startup.csproj
	EndGlobalSection
EndGlobal
